{
  "nodes": {
    "nixpkgs": {
      "locked": {
        "lastModified": 1788316716,
        "narHash": "sha256-7VBL4mi5M72FJtZOQt7SbCGWpGbsuH1ga6Zeu8bjtWk=",
        "rev": "3ed67ec0a4d3c7ab4ae1f04f8ee8df07bfa506a2",
        "type": "tarball",
        "url": "https://releases.nixos.org/nixos/unstable/nixos-26.11pre1066106.3ed67ec0a4d3/nixexprs.tar.xz"
      },
      "original": {
        "type": "tarball",
        "url": "https://channels.nixos.org/nixos-unstable/nixexprs.tar.xz"
      }
    },
    "root": {
      "inputs": {
        "nixpkgs": "nixpkgs"
      }
    }
  },
  "root": "root",
  "version": 7
}
