{
  "nodes": {
    "nixpkgs": {
      "locked": {
        "lastModified": 1779560665,
        "narHash": "sha256-NpH8iEQ5JHv/BtUuzTEXUMDxPLetCDzIv4OxL8H7Kps=",
        "rev": "64c08a7ca051951c8eae34e3e3cb1e202fe36786",
        "type": "tarball",
        "url": "https://releases.nixos.org/nixos/unstable/nixos-26.05pre1004030.64c08a7ca051/nixexprs.tar.xz?lastModified=1779560665&rev=64c08a7ca051951c8eae34e3e3cb1e202fe36786"
      },
      "original": {
        "type": "tarball",
        "url": "https://channels.nixos.org/nixos-unstable/nixexprs.tar.xz"
      }
    },
    "root": {
      "inputs": {
        "nixpkgs": "nixpkgs"
      }
    }
  },
  "root": "root",
  "version": 7
}
